# This file was autogenerated by uv via the following command:
#    uv pip compile pyproject.toml -o uv.lock
filelock==3.20.3
    # via
    #   dreamer (pyproject.toml)
    #   torch
fsspec==2026.1.0
    # via
    #   dreamer (pyproject.toml)
    #   torch
jinja2==3.1.6
    # via
    #   dreamer (pyproject.toml)
    #   torch
markupsafe==3.0.3
    # via
    #   dreamer (pyproject.toml)
    #   jinja2
mpmath==1.3.0
    # via
    #   dreamer (pyproject.toml)
    #   sympy
networkx==3.6.1
    # via
    #   dreamer (pyproject.toml)
    #   torch
numpy==2.4.1
    # via
    #   dreamer (pyproject.toml)
    #   opencv-python
    #   torchvision
opencv-python==4.13.0.90
    # via dreamer (pyproject.toml)
pillow==12.1.0
    # via
    #   dreamer (pyproject.toml)
    #   torchvision
sympy==1.14.0
    # via
    #   dreamer (pyproject.toml)
    #   torch
torch==2.9.1
    # via
    #   dreamer (pyproject.toml)
    #   torchvision
torchvision==0.24.1
    # via dreamer (pyproject.toml)
tqdm==4.67.1
    # via dreamer (pyproject.toml)
typing-extensions==4.15.0
    # via
    #   dreamer (pyproject.toml)
    #   torch
